
Microsoft Visual Studio Solution File, Format Version 12.00
Project("{FAE04EC0-301F-11D3-BF4B-00C04F79EFBC}") = "Aula03Conceitos", "Aula03Conceitos.csproj", "{05B0A0A1-08F6-4AD1-928B-7A5A0A4C8236}"
EndProject
Global
	GlobalSection(SolutionConfigurationPlatforms) = preSolution
		Debug|Any CPU = Debug|Any CPU
		Release|Any CPU = Release|Any CPU
	EndGlobalSection
	GlobalSection(ProjectConfigurationPlatforms) = postSolution
		{05B0A0A1-08F6-4AD1-928B-7A5A0A4C8236}.Debug|Any CPU.ActiveCfg = Debug|Any CPU
		{05B0A0A1-08F6-4AD1-928B-7A5A0A4C8236}.Debug|Any CPU.Build.0 = Debug|Any CPU
		{05B0A0A1-08F6-4AD1-928B-7A5A0A4C8236}.Release|Any CPU.ActiveCfg = Release|Any CPU
		{05B0A0A1-08F6-4AD1-928B-7A5A0A4C8236}.Release|Any CPU.Build.0 = Release|Any CPU
	EndGlobalSection
EndGlobal
